
Microsoft Visual Studio Solution File, Format Version 12.00
# Visual Studio Version 16
VisualStudioVersion = 16.0.32510.428
MinimumVisualStudioVersion = 10.0.40219.1
Project("{FAE04EC0-301F-11D3-BF4B-00C04F79EFBC}") = "pracktice_task_6", "pracktice_task_6\pracktice_task_6.csproj", "{64C13369-D9E9-46C3-AE2A-C5CC03422E5D}"
EndProject
Global
	GlobalSection(SolutionConfigurationPlatforms) = preSolution
		Debug|Any CPU = Debug|Any CPU
		Release|Any CPU = Release|Any CPU
	EndGlobalSection
	GlobalSection(ProjectConfigurationPlatforms) = postSolution
		{64C13369-D9E9-46C3-AE2A-C5CC03422E5D}.Debug|Any CPU.ActiveCfg = Debug|Any CPU
		{64C13369-D9E9-46C3-AE2A-C5CC03422E5D}.Debug|Any CPU.Build.0 = Debug|Any CPU
		{64C13369-D9E9-46C3-AE2A-C5CC03422E5D}.Release|Any CPU.ActiveCfg = Release|Any CPU
		{64C13369-D9E9-46C3-AE2A-C5CC03422E5D}.Release|Any CPU.Build.0 = Release|Any CPU
	EndGlobalSection
	GlobalSection(SolutionProperties) = preSolution
		HideSolutionNode = FALSE
	EndGlobalSection
	GlobalSection(ExtensibilityGlobals) = postSolution
		SolutionGuid = {27FAF3E4-B56C-4482-898C-51058D8D7107}
	EndGlobalSection
EndGlobal
